
Microsoft Visual Studio Solution File, Format Version 12.00
# Visual Studio 15
VisualStudioVersion = 15.0.28307.779
MinimumVisualStudioVersion = 10.0.40219.1
Project("{FAE04EC0-301F-11D3-BF4B-00C04F79EFBC}") = "PartyInvites", "PartyInvites\PartyInvites.csproj", "{36B4B22D-56CF-4AFA-B09C-BF5D12B9C6DD}"
EndProject
Global
	GlobalSection(SolutionConfigurationPlatforms) = preSolution
		Debug|Any CPU = Debug|Any CPU
		Release|Any CPU = Release|Any CPU
	EndGlobalSection
	GlobalSection(ProjectConfigurationPlatforms) = postSolution
		{36B4B22D-56CF-4AFA-B09C-BF5D12B9C6DD}.Debug|Any CPU.ActiveCfg = Debug|Any CPU
		{36B4B22D-56CF-4AFA-B09C-BF5D12B9C6DD}.Debug|Any CPU.Build.0 = Debug|Any CPU
		{36B4B22D-56CF-4AFA-B09C-BF5D12B9C6DD}.Release|Any CPU.ActiveCfg = Release|Any CPU
		{36B4B22D-56CF-4AFA-B09C-BF5D12B9C6DD}.Release|Any CPU.Build.0 = Release|Any CPU
	EndGlobalSection
	GlobalSection(SolutionProperties) = preSolution
		HideSolutionNode = FALSE
	EndGlobalSection
	GlobalSection(ExtensibilityGlobals) = postSolution
		SolutionGuid = {6086D94C-FEA5-4B22-BEBB-AC644A962F41}
	EndGlobalSection
EndGlobal
